// !$*UTF8*$!
{
	archiveVersion = 1;
	classes = {
	};
	objectVersion = 50;
	objects = {

/* Begin PBXBuildFile section */
		DD87C5282441F45E00373C3D /* AppDelegate.swift in Sources */ = {isa = PBXBuildFile; fileRef = DD87C5272441F45E00373C3D /* AppDelegate.swift */; };
		DD87C52A2441F45E00373C3D /* SceneDelegate.swift in Sources */ = {isa = PBXBuildFile; fileRef = DD87C5292441F45E00373C3D /* SceneDelegate.swift */; };
		DD87C52C2441F45E00373C3D /* ContentView.swift in Sources */ = {isa = PBXBuildFile; fileRef = DD87C52B2441F45E00373C3D /* ContentView.swift */; };
		DD87C52E2441F46000373C3D /* Assets.xcassets in Resources */ = {isa = PBXBuildFile; fileRef = DD87C52D2441F46000373C3D /* Assets.xcassets */; };
		DD87C5312441F46000373C3D /* Preview Assets.xcassets in Resources */ = {isa = PBXBuildFile; fileRef = DD87C5302441F46000373C3D /* Preview Assets.xcassets */; };
		DD87C5342441F46000373C3D /* LaunchScreen.storyboard in Resources */ = {isa = PBXBuildFile; fileRef = DD87C5322441F46000373C3D /* LaunchScreen.storyboard */; };
/* End PBXBuildFile section */

/* Begin PBXFileReference section */
		DD87C5242441F45E00373C3D /* SwiftUIToDoList.app */ = {isa = PBXFileReference; explicitFileType = wrapper.application; includeInIndex = 0; path = SwiftUIToDoList.app; sourceTree = BUILT_PRODUCTS_DIR; };
		DD87C5272441F45E00373C3D /* AppDelegate.swift */ = {isa = PBXFileReference; lastKnownFileType = sourcecode.swift; path = AppDelegate.swift; sourceTree = "<group>"; };
		DD87C5292441F45E00373C3D /* SceneDelegate.swift */ = {isa = PBXFileReference; lastKnownFileType = sourcecode.swift; path = SceneDelegate.swift; sourceTree = "<group>"; };
		DD87C52B2441F45E00373C3D /* ContentView.swift */ = {isa = PBXFileReference; lastKnownFileType = sourcecode.swift; path = ContentView.swift; sourceTree = "<group>"; };
		DD87C52D2441F46000373C3D /* Assets.xcassets */ = {isa = PBXFileReference; lastKnownFileType = folder.assetcatalog; path = Assets.xcassets; sourceTree = "<group>"; };
		DD87C5302441F46000373C3D /* Preview Assets.xcassets */ = {isa = PBXFileReference; lastKnownFileType = folder.assetcatalog; path = "Preview Assets.xcassets"; sourceTree = "<group>"; };
		DD87C5332441F46000373C3D /* Base */ = {isa = PBXFileReference; lastKnownFileType = file.storyboard; name = Base; path = Base.lproj/LaunchScreen.storyboard; sourceTree = "<group>"; };
		DD87C5352441F46000373C3D /* Info.plist */ = {isa = PBXFileReference; lastKnownFileType = text.plist.xml; path = Info.plist; sourceTree = "<group>"; };
/* End PBXFileReference section */

/* Begin PBXFrameworksBuildPhase section */
		DD87C5212441F45E00373C3D /* Frameworks */ = {
			isa = PBXFrameworksBuildPhase;
			buildActionMask = 2147483647;
			files = (
			);
			runOnlyForDeploymentPostprocessing = 0;
		};
/* End PBXFrameworksBuildPhase section */

/* Begin PBXGroup section */
		DD87C51B2441F45E00373C3D = {
			isa = PBXGroup;
			children = (
				DD87C5262441F45E00373C3D /* SwiftUIToDoList */,
				DD87C5252441F45E00373C3D /* Products */,
			);
			sourceTree = "<group>";
		};
		DD87C5252441F45E00373C3D /* Products */ = {
			isa = PBXGroup;
			children = (
				DD87C5242441F45E00373C3D /* SwiftUIToDoList.app */,
			);
			name = Products;
			sourceTree = "<group>";
		};
		DD87C5262441F45E00373C3D /* SwiftUIToDoList */ = {
			isa = PBXGroup;
			children = (
				DD87C5272441F45E00373C3D /* AppDelegate.swift */,
				DD87C5292441F45E00373C3D /* SceneDelegate.swift */,
				DD87C52B2441F45E00373C3D /* ContentView.swift */,
				DD87C52D2441F46000373C3D /* Assets.xcassets */,
				DD87C5322441F46000373C3D /* LaunchScreen.storyboard */,
				DD87C5352441F46000373C3D /* Info.plist */,
				DD87C52F2441F46000373C3D /* Preview Content */,
			);
			path = SwiftUIToDoList;
			sourceTree = "<group>";
		};
		DD87C52F2441F46000373C3D /* Preview Content */ = {
			isa = PBXGroup;
			children = (
				DD87C5302441F46000373C3D /* Preview Assets.xcassets */,
			);
			path = "Preview Content";
			sourceTree = "<group>";
		};
/* End PBXGroup section */

/* Begin PBXNativeTarget section */
		DD87C5232441F45E00373C3D /* SwiftUIToDoList */ = {
			isa = PBXNativeTarget;
			buildConfigurationList = DD87C5382441F46000373C3D /* Build configuration list for PBXNativeTarget "SwiftUIToDoList" */;
			buildPhases = (
				DD87C5202441F45E00373C3D /* Sources */,
				DD87C5212441F45E00373C3D /* Frameworks */,
				DD87C5222441F45E00373C3D /* Resources */,
			);
			buildRules = (
			);
			dependencies = (
			);
			name = SwiftUIToDoList;
			productName = SwiftUIToDoList;
			productReference = DD87C5242441F45E00373C3D /* SwiftUIToDoList.app */;
			productType = "com.apple.product-type.application";
		};
/* End PBXNativeTarget section */

/* Begin PBXProject section */
		DD87C51C2441F45E00373C3D /* Project object */ = {
			isa = PBXProject;
			attributes = {
				LastSwiftUpdateCheck = 1140;
				LastUpgradeCheck = 1140;
				ORGANIZATIONNAME = "Chang Sophia";
				TargetAttributes = {
					DD87C5232441F45E00373C3D = {
						CreatedOnToolsVersion = 11.4;
					};
				};
			};
			buildConfigurationList = DD87C51F2441F45E00373C3D /* Build configuration list for PBXProject "SwiftUIToDoList" */;
			compatibilityVersion = "Xcode 9.3";
			developmentRegion = en;
			hasScannedForEncodings = 0;
			knownRegions = (
				en,
				Base,
			);
			mainGroup = DD87C51B2441F45E00373C3D;
			productRefGroup = DD87C5252441F45E00373C3D /* Products */;
			projectDirPath = "";
			projectRoot = "";
			targets = (
				DD87C5232441F45E00373C3D /* SwiftUIToDoList */,
			);
		};
/* End PBXProject section */

/* Begin PBXResourcesBuildPhase section */
		DD87C5222441F45E00373C3D /* Resources */ = {
			isa = PBXResourcesBuildPhase;
			buildActionMask = 2147483647;
			files = (
				DD87C5342441F46000373C3D /* LaunchScreen.storyboard in Resources */,
				DD87C5312441F46000373C3D /* Preview Assets.xcassets in Resources */,
				DD87C52E2441F46000373C3D /* Assets.xcassets in Resources */,
			);
			runOnlyForDeploymentPostprocessing = 0;
		};
/* End PBXResourcesBuildPhase section */

/* Begin PBXSourcesBuildPhase section */
		DD87C5202441F45E00373C3D /* Sources */ = {
			isa = PBXSourcesBuildPhase;
			buildActionMask = 2147483647;
			files = (
				DD87C5282441F45E00373C3D /* AppDelegate.swift in Sources */,
				DD87C52A2441F45E00373C3D /* SceneDelegate.swift in Sources */,
				DD87C52C2441F45E00373C3D /* ContentView.swift in Sources */,
			);
			runOnlyForDeploymentPostprocessing = 0;
		};
/* End PBXSourcesBuildPhase section */

/* Begin PBXVariantGroup section */
		DD87C5322441F46000373C3D /* LaunchScreen.storyboard */ = {
			isa = PBXVariantGroup;
			children = (
				DD87C5332441F46000373C3D /* Base */,
			);
			name = LaunchScreen.storyboard;
			sourceTree = "<group>";
		};
/* End PBXVariantGroup section */

/* Begin XCBuildConfiguration section */
		DD87C5362441F46000373C3D /* Debug */ = {
			isa = XCBuildConfiguration;
			buildSettings = {
				ALWAYS_SEARCH_USER_PATHS = NO;
				CLANG_ANALYZER_NONNULL = YES;
				CLANG_ANALYZER_NUMBER_OBJECT_CONVERSION = YES_AGGRESSIVE;
				CLANG_CXX_LANGUAGE_STANDARD = "gnu++14";
				CLANG_CXX_LIBRARY = "libc++";
				CLANG_ENABLE_MODULES = YES;
				CLANG_ENABLE_OBJC_ARC = YES;
				CLANG_ENABLE_OBJC_WEAK = YES;
				CLANG_WARN_BLOCK_CAPTURE_AUTORELEASING = YES;
				CLANG_WARN_BOOL_CONVERSION = YES;
				CLANG_WARN_COMMA = YES;
				CLANG_WARN_CONSTANT_CONVERSION = YES;
				CLANG_WARN_DEPRECATED_OBJC_IMPLEMENTATIONS = YES;
				CLANG_WARN_DIRECT_OBJC_ISA_USAGE = YES_ERROR;
				CLANG_WARN_DOCUMENTATION_COMMENTS = YES;
				CLANG_WARN_EMPTY_BODY = YES;
				CLANG_WARN_ENUM_CONVERSION = YES;
				CLANG_WARN_INFINITE_RECURSION = YES;
				CLANG_WARN_INT_CONVERSION = YES;
				CLANG_WARN_NON_LITERAL_NULL_CONVERSION = YES;
				CLANG_WARN_OBJC_IMPLICIT_RETAIN_SELF = YES;
				CLANG_WARN_OBJC_LITERAL_CONVERSION = YES;
				CLANG_WARN_OBJC_ROOT_CLASS = YES_ERROR;
				CLANG_WARN_RANGE_LOOP_ANALYSIS = YES;
				CLANG_WARN_STRICT_PROTOTYPES = YES;
				CLANG_WARN_SUSPICIOUS_MOVE = YES;
				CLANG_WARN_UNGUARDED_AVAILABILITY = YES_AGGRESSIVE;
				CLANG_WARN_UNREACHABLE_CODE = YES;
				CLANG_WARN__DUPLICATE_METHOD_MATCH = YES;
				COPY_PHASE_STRIP = NO;
				DEBUG_INFORMATION_FORMAT = dwarf;
				ENABLE_STRICT_OBJC_MSGSEND = YES;
				ENABLE_TESTABILITY = YES;
				GCC_C_LANGUAGE_STANDARD = gnu11;
				GCC_DYNAMIC_NO_PIC = NO;
				GCC_NO_COMMON_BLOCKS = YES;
				GCC_OPTIMIZATION_LEVEL = 0;
				GCC_PREPROCESSOR_DEFINITIONS = (
					"DEBUG=1",
					"$(inherited)",
				);
				GCC_WARN_64_TO_32_BIT_CONVERSION = YES;
				GCC_WARN_ABOUT_RETURN_TYPE = YES_ERROR;
				GCC_WARN_UNDECLARED_SELECTOR = YES;
				GCC_WARN_UNINITIALIZED_AUTOS = YES_AGGRESSIVE;
				GCC_WARN_UNUSED_FUNCTION = YES;
				GCC_WARN_UNUSED_VARIABLE = YES;
				IPHONEOS_DEPLOYMENT_TARGET = 13.4;
				MTL_ENABLE_DEBUG_INFO = INCLUDE_SOURCE;
				MTL_FAST_MATH = YES;
				ONLY_ACTIVE_ARCH = YES;
				SDKROOT = iphoneos;
				SWIFT_ACTIVE_COMPILATION_CONDITIONS = DEBUG;
				SWIFT_OPTIMIZATION_LEVEL = "-Onone";
			};
			name = Debug;
		};
		DD87C5372441F46000373C3D /* Release */ = {
			isa = XCBuildConfiguration;
			buildSettings = {
				ALWAYS_SEARCH_USER_PATHS = NO;
				CLANG_ANALYZER_NONNULL = YES;
				CLANG_ANALYZER_NUMBER_OBJECT_CONVERSION = YES_AGGRESSIVE;
				CLANG_CXX_LANGUAGE_STANDARD = "gnu++14";
				CLANG_CXX_LIBRARY = "libc++";
				CLANG_ENABLE_MODULES = YES;
				CLANG_ENABLE_OBJC_ARC = YES;
				CLANG_ENABLE_OBJC_WEAK = YES;
				CLANG_WARN_BLOCK_CAPTURE_AUTORELEASING = YES;
				CLANG_WARN_BOOL_CONVERSION = YES;
				CLANG_WARN_COMMA = YES;
				CLANG_WARN_CONSTANT_CONVERSION = YES;
				CLANG_WARN_DEPRECATED_OBJC_IMPLEMENTATIONS = YES;
				CLANG_WARN_DIRECT_OBJC_ISA_USAGE = YES_ERROR;
				CLANG_WARN_DOCUMENTATION_COMMENTS = YES;
				CLANG_WARN_EMPTY_BODY = YES;
				CLANG_WARN_ENUM_CONVERSION = YES;
				CLANG_WARN_INFINITE_RECURSION = YES;
				CLANG_WARN_INT_CONVERSION = YES;
				CLANG_WARN_NON_LITERAL_NULL_CONVERSION = YES;
				CLANG_WARN_OBJC_IMPLICIT_RETAIN_SELF = YES;
				CLANG_WARN_OBJC_LITERAL_CONVERSION = YES;
				CLANG_WARN_OBJC_ROOT_CLASS = YES_ERROR;
				CLANG_WARN_RANGE_LOOP_ANALYSIS = YES;
				CLANG_WARN_STRICT_PROTOTYPES = YES;
				CLANG_WARN_SUSPICIOUS_MOVE = YES;
				CLANG_WARN_UNGUARDED_AVAILABILITY = YES_AGGRESSIVE;
				CLANG_WARN_UNREACHABLE_CODE = YES;
				CLANG_WARN__DUPLICATE_METHOD_MATCH = YES;
				COPY_PHASE_STRIP = NO;
				DEBUG_INFORMATION_FORMAT = "dwarf-with-dsym";
				ENABLE_NS_ASSERTIONS = NO;
				ENABLE_STRICT_OBJC_MSGSEND = YES;
				GCC_C_LANGUAGE_STANDARD = gnu11;
				GCC_NO_COMMON_BLOCKS = YES;
				GCC_WARN_64_TO_32_BIT_CONVERSION = YES;
				GCC_WARN_ABOUT_RETURN_TYPE = YES_ERROR;
				GCC_WARN_UNDECLARED_SELECTOR = YES;
				GCC_WARN_UNINITIALIZED_AUTOS = YES_AGGRESSIVE;
				GCC_WARN_UNUSED_FUNCTION = YES;
				GCC_WARN_UNUSED_VARIABLE = YES;
				IPHONEOS_DEPLOYMENT_TARGET = 13.4;
				MTL_ENABLE_DEBUG_INFO = NO;
				MTL_FAST_MATH = YES;
				SDKROOT = iphoneos;
				SWIFT_COMPILATION_MODE = wholemodule;
				SWIFT_OPTIMIZATION_LEVEL = "-O";
				VALIDATE_PRODUCT = YES;
			};
			name = Release;
		};
		DD87C5392441F46000373C3D /* Debug */ = {
			isa = XCBuildConfiguration;
			buildSettings = {
				ASSETCATALOG_COMPILER_APPICON_NAME = AppIcon;
				CODE_SIGN_STYLE = Automatic;
				DEVELOPMENT_ASSET_PATHS = "\"SwiftUIToDoList/Preview Content\"";
				DEVELOPMENT_TEAM = 3M66U64HQ4;
				ENABLE_PREVIEWS = YES;
				INFOPLIST_FILE = SwiftUIToDoList/Info.plist;
				LD_RUNPATH_SEARCH_PATHS = (
					"$(inherited)",
					"@executable_path/Frameworks",
				);
				PRODUCT_BUNDLE_IDENTIFIER = com.gmb728.SwiftUIToDoList;
				PRODUCT_NAME = "$(TARGET_NAME)";
				SWIFT_VERSION = 5.0;
				TARGETED_DEVICE_FAMILY = "1,2";
			};
			name = Debug;
		};
		DD87C53A2441F46000373C3D /* Release */ = {
			isa = XCBuildConfiguration;
			buildSettings = {
				ASSETCATALOG_COMPILER_APPICON_NAME = AppIcon;
				CODE_SIGN_STYLE = Automatic;
				DEVELOPMENT_ASSET_PATHS = "\"SwiftUIToDoList/Preview Content\"";
				DEVELOPMENT_TEAM = 3M66U64HQ4;
				ENABLE_PREVIEWS = YES;
				INFOPLIST_FILE = SwiftUIToDoList/Info.plist;
				LD_RUNPATH_SEARCH_PATHS = (
					"$(inherited)",
					"@executable_path/Frameworks",
				);
				PRODUCT_BUNDLE_IDENTIFIER = com.gmb728.SwiftUIToDoList;
				PRODUCT_NAME = "$(TARGET_NAME)";
				SWIFT_VERSION = 5.0;
				TARGETED_DEVICE_FAMILY = "1,2";
			};
			name = Release;
		};
/* End XCBuildConfiguration section */

/* Begin XCConfigurationList section */
		DD87C51F2441F45E00373C3D /* Build configuration list for PBXProject "SwiftUIToDoList" */ = {
			isa = XCConfigurationList;
			buildConfigurations = (
				DD87C5362441F46000373C3D /* Debug */,
				DD87C5372441F46000373C3D /* Release */,
			);
			defaultConfigurationIsVisible = 0;
			defaultConfigurationName = Release;
		};
		DD87C5382441F46000373C3D /* Build configuration list for PBXNativeTarget "SwiftUIToDoList" */ = {
			isa = XCConfigurationList;
			buildConfigurations = (
				DD87C5392441F46000373C3D /* Debug */,
				DD87C53A2441F46000373C3D /* Release */,
			);
			defaultConfigurationIsVisible = 0;
			defaultConfigurationName = Release;
		};
/* End XCConfigurationList section */
	};
	rootObject = DD87C51C2441F45E00373C3D /* Project object */;
}
